// !$*UTF8*$!
{
	archiveVersion = 1;
	classes = {
	};
	objectVersion = 55;
	objects = {

/* Begin PBXBuildFile section */
		B30A49E7284DAD3F00AB8D57 /* ViewModel.swift in Sources */ = {isa = PBXBuildFile; fileRef = B30A49E6284DAD3F00AB8D57 /* ViewModel.swift */; };
		B3683D1E2814559F00B1216B /* Images.swift in Sources */ = {isa = PBXBuildFile; fileRef = B3683D1D2814559F00B1216B /* Images.swift */; };
		B3683D2028145D3200B1216B /* TextFields.swift in Sources */ = {isa = PBXBuildFile; fileRef = B3683D1F28145D3200B1216B /* TextFields.swift */; };
		B3683D22281467CF00B1216B /* Dividers.swift in Sources */ = {isa = PBXBuildFile; fileRef = B3683D21281467CF00B1216B /* Dividers.swift */; };
		B3683D2428146B6E00B1216B /* HstackVstack.swift in Sources */ = {isa = PBXBuildFile; fileRef = B3683D2328146B6E00B1216B /* HstackVstack.swift */; };
		B3683D26281470B100B1216B /* Zstack.swift in Sources */ = {isa = PBXBuildFile; fileRef = B3683D25281470B100B1216B /* Zstack.swift */; };
		B3683D2A28147A0B00B1216B /* Tabviews.swift in Sources */ = {isa = PBXBuildFile; fileRef = B3683D2928147A0B00B1216B /* Tabviews.swift */; };
		B3683D2C28147C5100B1216B /* Navigations.swift in Sources */ = {isa = PBXBuildFile; fileRef = B3683D2B28147C5100B1216B /* Navigations.swift */; };
		B37686B52803AED700CDA045 /* IOSSwiftUIApp.swift in Sources */ = {isa = PBXBuildFile; fileRef = B37686B42803AED700CDA045 /* IOSSwiftUIApp.swift */; };
		B37686B72803AED700CDA045 /* ContentView.swift in Sources */ = {isa = PBXBuildFile; fileRef = B37686B62803AED700CDA045 /* ContentView.swift */; };
		B37686B92803AEDA00CDA045 /* Assets.xcassets in Resources */ = {isa = PBXBuildFile; fileRef = B37686B82803AEDA00CDA045 /* Assets.xcassets */; };
		B37686BC2803AEDA00CDA045 /* Preview Assets.xcassets in Resources */ = {isa = PBXBuildFile; fileRef = B37686BB2803AEDA00CDA045 /* Preview Assets.xcassets */; };
		B39CA78F28414FB2008710EC /* SplashScreenView.swift in Sources */ = {isa = PBXBuildFile; fileRef = B39CA78E28414FB2008710EC /* SplashScreenView.swift */; };
		B39CA79E2845906B008710EC /* Model.swift in Sources */ = {isa = PBXBuildFile; fileRef = B39CA79D2845906B008710EC /* Model.swift */; };
		B39D66B92846D27E00D65634 /* ListPost.swift in Sources */ = {isa = PBXBuildFile; fileRef = B39D66B82846D27E00D65634 /* ListPost.swift */; };
		B3A6E242280FB63B0029F63B /* TextMod.swift in Sources */ = {isa = PBXBuildFile; fileRef = B3A6E241280FB63B0029F63B /* TextMod.swift */; };
		B3A6E244280FBD660029F63B /* Buttons.swift in Sources */ = {isa = PBXBuildFile; fileRef = B3A6E243280FBD660029F63B /* Buttons.swift */; };
		B3C49A782815A789008C8575 /* VPlayer.swift in Sources */ = {isa = PBXBuildFile; fileRef = B3C49A772815A788008C8575 /* VPlayer.swift */; };
		B3EDE837282B664D007EB192 /* Contact.swift in Sources */ = {isa = PBXBuildFile; fileRef = B3EDE836282B664D007EB192 /* Contact.swift */; };
		B3EDE839282B6671007EB192 /* Home.swift in Sources */ = {isa = PBXBuildFile; fileRef = B3EDE838282B6671007EB192 /* Home.swift */; };
		B3EDE83B282B668A007EB192 /* Profile.swift in Sources */ = {isa = PBXBuildFile; fileRef = B3EDE83A282B668A007EB192 /* Profile.swift */; };
/* End PBXBuildFile section */

/* Begin PBXFileReference section */
		B30A49E6284DAD3F00AB8D57 /* ViewModel.swift */ = {isa = PBXFileReference; lastKnownFileType = sourcecode.swift; path = ViewModel.swift; sourceTree = "<group>"; };
		B3683D1D2814559F00B1216B /* Images.swift */ = {isa = PBXFileReference; lastKnownFileType = sourcecode.swift; path = Images.swift; sourceTree = "<group>"; };
		B3683D1F28145D3200B1216B /* TextFields.swift */ = {isa = PBXFileReference; lastKnownFileType = sourcecode.swift; path = TextFields.swift; sourceTree = "<group>"; };
		B3683D21281467CF00B1216B /* Dividers.swift */ = {isa = PBXFileReference; lastKnownFileType = sourcecode.swift; path = Dividers.swift; sourceTree = "<group>"; };
		B3683D2328146B6E00B1216B /* HstackVstack.swift */ = {isa = PBXFileReference; lastKnownFileType = sourcecode.swift; path = HstackVstack.swift; sourceTree = "<group>"; };
		B3683D25281470B100B1216B /* Zstack.swift */ = {isa = PBXFileReference; lastKnownFileType = sourcecode.swift; path = Zstack.swift; sourceTree = "<group>"; };
		B3683D2928147A0B00B1216B /* Tabviews.swift */ = {isa = PBXFileReference; lastKnownFileType = sourcecode.swift; path = Tabviews.swift; sourceTree = "<group>"; };
		B3683D2B28147C5100B1216B /* Navigations.swift */ = {isa = PBXFileReference; lastKnownFileType = sourcecode.swift; path = Navigations.swift; sourceTree = "<group>"; };
		B37686B12803AED700CDA045 /* IOSSwiftUI.app */ = {isa = PBXFileReference; explicitFileType = wrapper.application; includeInIndex = 0; path = IOSSwiftUI.app; sourceTree = BUILT_PRODUCTS_DIR; };
		B37686B42803AED700CDA045 /* IOSSwiftUIApp.swift */ = {isa = PBXFileReference; lastKnownFileType = sourcecode.swift; path = IOSSwiftUIApp.swift; sourceTree = "<group>"; };
		B37686B62803AED700CDA045 /* ContentView.swift */ = {isa = PBXFileReference; lastKnownFileType = sourcecode.swift; path = ContentView.swift; sourceTree = "<group>"; };
		B37686B82803AEDA00CDA045 /* Assets.xcassets */ = {isa = PBXFileReference; lastKnownFileType = folder.assetcatalog; path = Assets.xcassets; sourceTree = "<group>"; };
		B37686BB2803AEDA00CDA045 /* Preview Assets.xcassets */ = {isa = PBXFileReference; lastKnownFileType = folder.assetcatalog; path = "Preview Assets.xcassets"; sourceTree = "<group>"; };
		B39CA78E28414FB2008710EC /* SplashScreenView.swift */ = {isa = PBXFileReference; lastKnownFileType = sourcecode.swift; path = SplashScreenView.swift; sourceTree = "<group>"; };
		B39CA79D2845906B008710EC /* Model.swift */ = {isa = PBXFileReference; lastKnownFileType = sourcecode.swift; path = Model.swift; sourceTree = "<group>"; };
		B39D66B82846D27E00D65634 /* ListPost.swift */ = {isa = PBXFileReference; lastKnownFileType = sourcecode.swift; path = ListPost.swift; sourceTree = "<group>"; };
		B3A6E241280FB63B0029F63B /* TextMod.swift */ = {isa = PBXFileReference; lastKnownFileType = sourcecode.swift; path = TextMod.swift; sourceTree = "<group>"; };
		B3A6E243280FBD660029F63B /* Buttons.swift */ = {isa = PBXFileReference; lastKnownFileType = sourcecode.swift; path = Buttons.swift; sourceTree = "<group>"; };
		B3C49A772815A788008C8575 /* VPlayer.swift */ = {isa = PBXFileReference; lastKnownFileType = sourcecode.swift; path = VPlayer.swift; sourceTree = "<group>"; };
		B3EDE836282B664D007EB192 /* Contact.swift */ = {isa = PBXFileReference; lastKnownFileType = sourcecode.swift; path = Contact.swift; sourceTree = "<group>"; };
		B3EDE838282B6671007EB192 /* Home.swift */ = {isa = PBXFileReference; lastKnownFileType = sourcecode.swift; path = Home.swift; sourceTree = "<group>"; };
		B3EDE83A282B668A007EB192 /* Profile.swift */ = {isa = PBXFileReference; lastKnownFileType = sourcecode.swift; path = Profile.swift; sourceTree = "<group>"; };
		B3FEEC50280E1D2A009A1C81 /* MyPersonalPlayground.playground */ = {isa = PBXFileReference; lastKnownFileType = file.playground; path = MyPersonalPlayground.playground; sourceTree = "<group>"; xcLanguageSpecificationIdentifier = xcode.lang.swift; };
		B3FEEC52280E29D1009A1C81 /* MyStructPlayground.playground */ = {isa = PBXFileReference; lastKnownFileType = file.playground; path = MyStructPlayground.playground; sourceTree = "<group>"; xcLanguageSpecificationIdentifier = xcode.lang.swift; };
/* End PBXFileReference section */

/* Begin PBXFrameworksBuildPhase section */
		B37686AE2803AED700CDA045 /* Frameworks */ = {
			isa = PBXFrameworksBuildPhase;
			buildActionMask = 2147483647;
			files = (
			);
			runOnlyForDeploymentPostprocessing = 0;
		};
/* End PBXFrameworksBuildPhase section */

/* Begin PBXGroup section */
		B37686A82803AED700CDA045 = {
			isa = PBXGroup;
			children = (
				B39CA79C28459026008710EC /* viewModels */,
				B39CA79B28458FE4008710EC /* view */,
				B39CA79A28458F6F008710EC /* models */,
				B39CA78E28414FB2008710EC /* SplashScreenView.swift */,
				B3EDE83A282B668A007EB192 /* Profile.swift */,
				B3EDE838282B6671007EB192 /* Home.swift */,
				B3EDE836282B664D007EB192 /* Contact.swift */,
				B3C49A772815A788008C8575 /* VPlayer.swift */,
				B3683D2B28147C5100B1216B /* Navigations.swift */,
				B3683D2928147A0B00B1216B /* Tabviews.swift */,
				B3683D25281470B100B1216B /* Zstack.swift */,
				B3683D2328146B6E00B1216B /* HstackVstack.swift */,
				B3683D21281467CF00B1216B /* Dividers.swift */,
				B3683D1F28145D3200B1216B /* TextFields.swift */,
				B3683D1D2814559F00B1216B /* Images.swift */,
				B3A6E243280FBD660029F63B /* Buttons.swift */,
				B3A6E241280FB63B0029F63B /* TextMod.swift */,
				B3FEEC51280E2999009A1C81 /* Playgrounds */,
				B37686B32803AED700CDA045 /* IOSSwiftUI */,
				B37686B22803AED700CDA045 /* Products */,
			);
			sourceTree = "<group>";
		};
		B37686B22803AED700CDA045 /* Products */ = {
			isa = PBXGroup;
			children = (
				B37686B12803AED700CDA045 /* IOSSwiftUI.app */,
			);
			name = Products;
			sourceTree = "<group>";
		};
		B37686B32803AED700CDA045 /* IOSSwiftUI */ = {
			isa = PBXGroup;
			children = (
				B37686B42803AED700CDA045 /* IOSSwiftUIApp.swift */,
				B37686B62803AED700CDA045 /* ContentView.swift */,
				B37686B82803AEDA00CDA045 /* Assets.xcassets */,
				B37686BA2803AEDA00CDA045 /* Preview Content */,
			);
			path = IOSSwiftUI;
			sourceTree = "<group>";
		};
		B37686BA2803AEDA00CDA045 /* Preview Content */ = {
			isa = PBXGroup;
			children = (
				B37686BB2803AEDA00CDA045 /* Preview Assets.xcassets */,
			);
			path = "Preview Content";
			sourceTree = "<group>";
		};
		B39CA79A28458F6F008710EC /* models */ = {
			isa = PBXGroup;
			children = (
				B39CA79D2845906B008710EC /* Model.swift */,
			);
			path = models;
			sourceTree = "<group>";
		};
		B39CA79B28458FE4008710EC /* view */ = {
			isa = PBXGroup;
			children = (
				B39D66B82846D27E00D65634 /* ListPost.swift */,
			);
			path = view;
			sourceTree = "<group>";
		};
		B39CA79C28459026008710EC /* viewModels */ = {
			isa = PBXGroup;
			children = (
				B30A49E6284DAD3F00AB8D57 /* ViewModel.swift */,
			);
			path = viewModels;
			sourceTree = "<group>";
		};
		B3FEEC51280E2999009A1C81 /* Playgrounds */ = {
			isa = PBXGroup;
			children = (
				B3FEEC50280E1D2A009A1C81 /* MyPersonalPlayground.playground */,
				B3FEEC52280E29D1009A1C81 /* MyStructPlayground.playground */,
			);
			path = Playgrounds;
			sourceTree = "<group>";
		};
/* End PBXGroup section */

/* Begin PBXNativeTarget section */
		B37686B02803AED700CDA045 /* IOSSwiftUI */ = {
			isa = PBXNativeTarget;
			buildConfigurationList = B37686BF2803AEDA00CDA045 /* Build configuration list for PBXNativeTarget "IOSSwiftUI" */;
			buildPhases = (
				B37686AD2803AED700CDA045 /* Sources */,
				B37686AE2803AED700CDA045 /* Frameworks */,
				B37686AF2803AED700CDA045 /* Resources */,
			);
			buildRules = (
			);
			dependencies = (
			);
			name = IOSSwiftUI;
			productName = IOSSwiftUI;
			productReference = B37686B12803AED700CDA045 /* IOSSwiftUI.app */;
			productType = "com.apple.product-type.application";
		};
/* End PBXNativeTarget section */

/* Begin PBXProject section */
		B37686A92803AED700CDA045 /* Project object */ = {
			isa = PBXProject;
			attributes = {
				BuildIndependentTargetsInParallel = 1;
				LastSwiftUpdateCheck = 1330;
				LastUpgradeCheck = 1330;
				TargetAttributes = {
					B37686B02803AED700CDA045 = {
						CreatedOnToolsVersion = 13.3;
					};
				};
			};
			buildConfigurationList = B37686AC2803AED700CDA045 /* Build configuration list for PBXProject "IOSSwiftUI" */;
			compatibilityVersion = "Xcode 13.0";
			developmentRegion = en;
			hasScannedForEncodings = 0;
			knownRegions = (
				en,
				Base,
			);
			mainGroup = B37686A82803AED700CDA045;
			productRefGroup = B37686B22803AED700CDA045 /* Products */;
			projectDirPath = "";
			projectRoot = "";
			targets = (
				B37686B02803AED700CDA045 /* IOSSwiftUI */,
			);
		};
/* End PBXProject section */

/* Begin PBXResourcesBuildPhase section */
		B37686AF2803AED700CDA045 /* Resources */ = {
			isa = PBXResourcesBuildPhase;
			buildActionMask = 2147483647;
			files = (
				B37686BC2803AEDA00CDA045 /* Preview Assets.xcassets in Resources */,
				B37686B92803AEDA00CDA045 /* Assets.xcassets in Resources */,
			);
			runOnlyForDeploymentPostprocessing = 0;
		};
/* End PBXResourcesBuildPhase section */

/* Begin PBXSourcesBuildPhase section */
		B37686AD2803AED700CDA045 /* Sources */ = {
			isa = PBXSourcesBuildPhase;
			buildActionMask = 2147483647;
			files = (
				B3EDE837282B664D007EB192 /* Contact.swift in Sources */,
				B3EDE83B282B668A007EB192 /* Profile.swift in Sources */,
				B37686B72803AED700CDA045 /* ContentView.swift in Sources */,
				B3683D22281467CF00B1216B /* Dividers.swift in Sources */,
				B37686B52803AED700CDA045 /* IOSSwiftUIApp.swift in Sources */,
				B3C49A782815A789008C8575 /* VPlayer.swift in Sources */,
				B3683D1E2814559F00B1216B /* Images.swift in Sources */,
				B39CA78F28414FB2008710EC /* SplashScreenView.swift in Sources */,
				B3EDE839282B6671007EB192 /* Home.swift in Sources */,
				B3A6E242280FB63B0029F63B /* TextMod.swift in Sources */,
				B39CA79E2845906B008710EC /* Model.swift in Sources */,
				B30A49E7284DAD3F00AB8D57 /* ViewModel.swift in Sources */,
				B3A6E244280FBD660029F63B /* Buttons.swift in Sources */,
				B3683D2028145D3200B1216B /* TextFields.swift in Sources */,
				B39D66B92846D27E00D65634 /* ListPost.swift in Sources */,
				B3683D26281470B100B1216B /* Zstack.swift in Sources */,
				B3683D2A28147A0B00B1216B /* Tabviews.swift in Sources */,
				B3683D2C28147C5100B1216B /* Navigations.swift in Sources */,
				B3683D2428146B6E00B1216B /* HstackVstack.swift in Sources */,
			);
			runOnlyForDeploymentPostprocessing = 0;
		};
/* End PBXSourcesBuildPhase section */

/* Begin XCBuildConfiguration section */
		B37686BD2803AEDA00CDA045 /* Debug */ = {
			isa = XCBuildConfiguration;
			buildSettings = {
				ALWAYS_SEARCH_USER_PATHS = NO;
				CLANG_ANALYZER_NONNULL = YES;
				CLANG_ANALYZER_NUMBER_OBJECT_CONVERSION = YES_AGGRESSIVE;
				CLANG_CXX_LANGUAGE_STANDARD = "gnu++17";
				CLANG_ENABLE_MODULES = YES;
				CLANG_ENABLE_OBJC_ARC = YES;
				CLANG_ENABLE_OBJC_WEAK = YES;
				CLANG_WARN_BLOCK_CAPTURE_AUTORELEASING = YES;
				CLANG_WARN_BOOL_CONVERSION = YES;
				CLANG_WARN_COMMA = YES;
				CLANG_WARN_CONSTANT_CONVERSION = YES;
				CLANG_WARN_DEPRECATED_OBJC_IMPLEMENTATIONS = YES;
				CLANG_WARN_DIRECT_OBJC_ISA_USAGE = YES_ERROR;
				CLANG_WARN_DOCUMENTATION_COMMENTS = YES;
				CLANG_WARN_EMPTY_BODY = YES;
				CLANG_WARN_ENUM_CONVERSION = YES;
				CLANG_WARN_INFINITE_RECURSION = YES;
				CLANG_WARN_INT_CONVERSION = YES;
				CLANG_WARN_NON_LITERAL_NULL_CONVERSION = YES;
				CLANG_WARN_OBJC_IMPLICIT_RETAIN_SELF = YES;
				CLANG_WARN_OBJC_LITERAL_CONVERSION = YES;
				CLANG_WARN_OBJC_ROOT_CLASS = YES_ERROR;
				CLANG_WARN_QUOTED_INCLUDE_IN_FRAMEWORK_HEADER = YES;
				CLANG_WARN_RANGE_LOOP_ANALYSIS = YES;
				CLANG_WARN_STRICT_PROTOTYPES = YES;
				CLANG_WARN_SUSPICIOUS_MOVE = YES;
				CLANG_WARN_UNGUARDED_AVAILABILITY = YES_AGGRESSIVE;
				CLANG_WARN_UNREACHABLE_CODE = YES;
				CLANG_WARN__DUPLICATE_METHOD_MATCH = YES;
				COPY_PHASE_STRIP = NO;
				DEBUG_INFORMATION_FORMAT = dwarf;
				ENABLE_STRICT_OBJC_MSGSEND = YES;
				ENABLE_TESTABILITY = YES;
				GCC_C_LANGUAGE_STANDARD = gnu11;
				GCC_DYNAMIC_NO_PIC = NO;
				GCC_NO_COMMON_BLOCKS = YES;
				GCC_OPTIMIZATION_LEVEL = 0;
				GCC_PREPROCESSOR_DEFINITIONS = (
					"DEBUG=1",
					"$(inherited)",
				);
				GCC_WARN_64_TO_32_BIT_CONVERSION = YES;
				GCC_WARN_ABOUT_RETURN_TYPE = YES_ERROR;
				GCC_WARN_UNDECLARED_SELECTOR = YES;
				GCC_WARN_UNINITIALIZED_AUTOS = YES_AGGRESSIVE;
				GCC_WARN_UNUSED_FUNCTION = YES;
				GCC_WARN_UNUSED_VARIABLE = YES;
				IPHONEOS_DEPLOYMENT_TARGET = 15.4;
				MTL_ENABLE_DEBUG_INFO = INCLUDE_SOURCE;
				MTL_FAST_MATH = YES;
				ONLY_ACTIVE_ARCH = YES;
				SDKROOT = iphoneos;
				SWIFT_ACTIVE_COMPILATION_CONDITIONS = DEBUG;
				SWIFT_OPTIMIZATION_LEVEL = "-Onone";
			};
			name = Debug;
		};
		B37686BE2803AEDA00CDA045 /* Release */ = {
			isa = XCBuildConfiguration;
			buildSettings = {
				ALWAYS_SEARCH_USER_PATHS = NO;
				CLANG_ANALYZER_NONNULL = YES;
				CLANG_ANALYZER_NUMBER_OBJECT_CONVERSION = YES_AGGRESSIVE;
				CLANG_CXX_LANGUAGE_STANDARD = "gnu++17";
				CLANG_ENABLE_MODULES = YES;
				CLANG_ENABLE_OBJC_ARC = YES;
				CLANG_ENABLE_OBJC_WEAK = YES;
				CLANG_WARN_BLOCK_CAPTURE_AUTORELEASING = YES;
				CLANG_WARN_BOOL_CONVERSION = YES;
				CLANG_WARN_COMMA = YES;
				CLANG_WARN_CONSTANT_CONVERSION = YES;
				CLANG_WARN_DEPRECATED_OBJC_IMPLEMENTATIONS = YES;
				CLANG_WARN_DIRECT_OBJC_ISA_USAGE = YES_ERROR;
				CLANG_WARN_DOCUMENTATION_COMMENTS = YES;
				CLANG_WARN_EMPTY_BODY = YES;
				CLANG_WARN_ENUM_CONVERSION = YES;
				CLANG_WARN_INFINITE_RECURSION = YES;
				CLANG_WARN_INT_CONVERSION = YES;
				CLANG_WARN_NON_LITERAL_NULL_CONVERSION = YES;
				CLANG_WARN_OBJC_IMPLICIT_RETAIN_SELF = YES;
				CLANG_WARN_OBJC_LITERAL_CONVERSION = YES;
				CLANG_WARN_OBJC_ROOT_CLASS = YES_ERROR;
				CLANG_WARN_QUOTED_INCLUDE_IN_FRAMEWORK_HEADER = YES;
				CLANG_WARN_RANGE_LOOP_ANALYSIS = YES;
				CLANG_WARN_STRICT_PROTOTYPES = YES;
				CLANG_WARN_SUSPICIOUS_MOVE = YES;
				CLANG_WARN_UNGUARDED_AVAILABILITY = YES_AGGRESSIVE;
				CLANG_WARN_UNREACHABLE_CODE = YES;
				CLANG_WARN__DUPLICATE_METHOD_MATCH = YES;
				COPY_PHASE_STRIP = NO;
				DEBUG_INFORMATION_FORMAT = "dwarf-with-dsym";
				ENABLE_NS_ASSERTIONS = NO;
				ENABLE_STRICT_OBJC_MSGSEND = YES;
				GCC_C_LANGUAGE_STANDARD = gnu11;
				GCC_NO_COMMON_BLOCKS = YES;
				GCC_WARN_64_TO_32_BIT_CONVERSION = YES;
				GCC_WARN_ABOUT_RETURN_TYPE = YES_ERROR;
				GCC_WARN_UNDECLARED_SELECTOR = YES;
				GCC_WARN_UNINITIALIZED_AUTOS = YES_AGGRESSIVE;
				GCC_WARN_UNUSED_FUNCTION = YES;
				GCC_WARN_UNUSED_VARIABLE = YES;
				IPHONEOS_DEPLOYMENT_TARGET = 15.4;
				MTL_ENABLE_DEBUG_INFO = NO;
				MTL_FAST_MATH = YES;
				SDKROOT = iphoneos;
				SWIFT_COMPILATION_MODE = wholemodule;
				SWIFT_OPTIMIZATION_LEVEL = "-O";
				VALIDATE_PRODUCT = YES;
			};
			name = Release;
		};
		B37686C02803AEDA00CDA045 /* Debug */ = {
			isa = XCBuildConfiguration;
			buildSettings = {
				ASSETCATALOG_COMPILER_APPICON_NAME = AppIcon;
				ASSETCATALOG_COMPILER_GLOBAL_ACCENT_COLOR_NAME = AccentColor;
				CODE_SIGN_STYLE = Automatic;
				CURRENT_PROJECT_VERSION = 1;
				DEVELOPMENT_ASSET_PATHS = "\"IOSSwiftUI/Preview Content\"";
				DEVELOPMENT_TEAM = UQA84U79MS;
				ENABLE_PREVIEWS = YES;
				GENERATE_INFOPLIST_FILE = YES;
				INFOPLIST_KEY_UIApplicationSceneManifest_Generation = YES;
				INFOPLIST_KEY_UIApplicationSupportsIndirectInputEvents = YES;
				INFOPLIST_KEY_UILaunchScreen_Generation = YES;
				INFOPLIST_KEY_UISupportedInterfaceOrientations_iPad = "UIInterfaceOrientationPortrait UIInterfaceOrientationPortraitUpsideDown UIInterfaceOrientationLandscapeLeft UIInterfaceOrientationLandscapeRight";
				INFOPLIST_KEY_UISupportedInterfaceOrientations_iPhone = "UIInterfaceOrientationPortrait UIInterfaceOrientationLandscapeLeft UIInterfaceOrientationLandscapeRight";
				LD_RUNPATH_SEARCH_PATHS = (
					"$(inherited)",
					"@executable_path/Frameworks",
				);
				MARKETING_VERSION = 1.0;
				PRODUCT_BUNDLE_IDENTIFIER = com.flsr.IOSSwiftUI;
				PRODUCT_NAME = "$(TARGET_NAME)";
				SWIFT_EMIT_LOC_STRINGS = YES;
				SWIFT_VERSION = 5.0;
				TARGETED_DEVICE_FAMILY = "1,2";
			};
			name = Debug;
		};
		B37686C12803AEDA00CDA045 /* Release */ = {
			isa = XCBuildConfiguration;
			buildSettings = {
				ASSETCATALOG_COMPILER_APPICON_NAME = AppIcon;
				ASSETCATALOG_COMPILER_GLOBAL_ACCENT_COLOR_NAME = AccentColor;
				CODE_SIGN_STYLE = Automatic;
				CURRENT_PROJECT_VERSION = 1;
				DEVELOPMENT_ASSET_PATHS = "\"IOSSwiftUI/Preview Content\"";
				DEVELOPMENT_TEAM = UQA84U79MS;
				ENABLE_PREVIEWS = YES;
				GENERATE_INFOPLIST_FILE = YES;
				INFOPLIST_KEY_UIApplicationSceneManifest_Generation = YES;
				INFOPLIST_KEY_UIApplicationSupportsIndirectInputEvents = YES;
				INFOPLIST_KEY_UILaunchScreen_Generation = YES;
				INFOPLIST_KEY_UISupportedInterfaceOrientations_iPad = "UIInterfaceOrientationPortrait UIInterfaceOrientationPortraitUpsideDown UIInterfaceOrientationLandscapeLeft UIInterfaceOrientationLandscapeRight";
				INFOPLIST_KEY_UISupportedInterfaceOrientations_iPhone = "UIInterfaceOrientationPortrait UIInterfaceOrientationLandscapeLeft UIInterfaceOrientationLandscapeRight";
				LD_RUNPATH_SEARCH_PATHS = (
					"$(inherited)",
					"@executable_path/Frameworks",
				);
				MARKETING_VERSION = 1.0;
				PRODUCT_BUNDLE_IDENTIFIER = com.flsr.IOSSwiftUI;
				PRODUCT_NAME = "$(TARGET_NAME)";
				SWIFT_EMIT_LOC_STRINGS = YES;
				SWIFT_VERSION = 5.0;
				TARGETED_DEVICE_FAMILY = "1,2";
			};
			name = Release;
		};
/* End XCBuildConfiguration section */

/* Begin XCConfigurationList section */
		B37686AC2803AED700CDA045 /* Build configuration list for PBXProject "IOSSwiftUI" */ = {
			isa = XCConfigurationList;
			buildConfigurations = (
				B37686BD2803AEDA00CDA045 /* Debug */,
				B37686BE2803AEDA00CDA045 /* Release */,
			);
			defaultConfigurationIsVisible = 0;
			defaultConfigurationName = Release;
		};
		B37686BF2803AEDA00CDA045 /* Build configuration list for PBXNativeTarget "IOSSwiftUI" */ = {
			isa = XCConfigurationList;
			buildConfigurations = (
				B37686C02803AEDA00CDA045 /* Debug */,
				B37686C12803AEDA00CDA045 /* Release */,
			);
			defaultConfigurationIsVisible = 0;
			defaultConfigurationName = Release;
		};
/* End XCConfigurationList section */
	};
	rootObject = B37686A92803AED700CDA045 /* Project object */;
}
